<?xml version="1.0" encoding="utf-8"?>
<Project ToolsVersion="4.0" xmlns="http://schemas.microsoft.com/developer/msbuild/2003">
  <ItemGroup>
    <Filter Include="source">
      <UniqueIdentifier>{374b7167-c3c0-4e5f-8bb1-5b570a5a1ae6}</UniqueIdentifier>
      <Extensions>cpp;c;cxx;def;odl;idl;hpj;bat;asm</Extensions>
    </Filter>
    <Filter Include="include">
      <UniqueIdentifier>{b5302435-6b5e-4883-a09f-fc12c015fb4f}</UniqueIdentifier>
      <Extensions>h;hpp;hxx;hm;inl;inc</Extensions>
    </Filter>
    <Filter Include="resource">
      <UniqueIdentifier>{8f9c1182-411f-4299-8a0a-0079648526f6}</UniqueIdentifier>
      <Extensions>rc;ico;cur;bmp;dlg;rc2;rct;bin;rgs;jpg;jpeg;jpe;png;manifest</Extensions>
    </Filter>
  </ItemGroup>
  <ItemGroup>
    <None Include="res\Bunn6.ico">
      <Filter>resource</Filter>
    </None>
    <None Include="..\Resources\CloseSelected.png">
      <Filter>resource</Filter>
    </None>
    <None Include="..\Resources\CloseNormal.png">
      <Filter>resource</Filter>
    </None>
    <None Include="..\Resources\bunny_carrot2.png">
      <Filter>resource</Filter>
    </None>
    <None Include="..\Resources\bunny_hit2.png">
      <Filter>resource</Filter>
    </None>
    <None Include="..\Resources\grass2.png">
      <Filter>resource</Filter>
    </None>
    <None Include="..\Resources\hole_backsoil2.png">
      <Filter>resource</Filter>
    </None>
    <None Include="..\Resources\hole_frontsoil2.png">
      <Filter>resource</Filter>
    </None>
    <None Include="..\Resources\sketch-granny.png">
      <Filter>resource</Filter>
    </None>
    <None Include="..\Resources\Sounds\FryingPanHit.wav">
      <Filter>resource</Filter>
    </None>
    <None Include="..\Resources\Sounds\LargeThumpOrBump.wav">
      <Filter>resource</Filter>
    </None>
    <None Include="..\Resources\Sounds\SharpPunch.wav">
      <Filter>resource</Filter>
    </None>
    <None Include="..\Resources\Sounds\WoodWhack.wav">
      <Filter>resource</Filter>
    </None>
    <None Include="..\Resources\Particles\ExplodingRing.plist">
      <Filter>resource</Filter>
    </None>
  </ItemGroup>
  <ItemGroup>
    <ResourceCompile Include="Bunn6.rc">
      <Filter>resource</Filter>
    </ResourceCompile>
  </ItemGroup>
  <ItemGroup>
    <ClInclude Include="resource.h">
      <Filter>include</Filter>
    </ClInclude>
    <ClInclude Include="main.h">
      <Filter>include</Filter>
    </ClInclude>
    <ClInclude Include="..\Classes\AppDelegate.h">
      <Filter>include</Filter>
    </ClInclude>
    <ClInclude Include="..\Classes\HelloWorldScene.h">
      <Filter>include</Filter>
    </ClInclude>
    <ClInclude Include="..\Classes\ClipNode.h">
      <Filter>include</Filter>
    </ClInclude>
    <ClInclude Include="..\Classes\MainMenuScene.h">
      <Filter>include</Filter>
    </ClInclude>
    <ClInclude Include="..\Classes\EndGameScene.h">
      <Filter>include</Filter>
    </ClInclude>
    <ClInclude Include="..\Classes\GameManager.h">
      <Filter>include</Filter>
    </ClInclude>
    <ClInclude Include="..\Classes\Bunny.h">
      <Filter>include</Filter>
    </ClInclude>
  </ItemGroup>
  <ItemGroup>
    <ClCompile Include="main.cpp">
      <Filter>source</Filter>
    </ClCompile>
    <ClCompile Include="..\Classes\AppDelegate.cpp">
      <Filter>source</Filter>
    </ClCompile>
    <ClCompile Include="..\Classes\HelloWorldScene.cpp">
      <Filter>source</Filter>
    </ClCompile>
    <ClCompile Include="..\Classes\ClipNode.cpp">
      <Filter>source</Filter>
    </ClCompile>
    <ClCompile Include="..\Classes\MainMenuScene.cpp">
      <Filter>source</Filter>
    </ClCompile>
    <ClCompile Include="..\Classes\EndGameScene.cpp">
      <Filter>source</Filter>
    </ClCompile>
    <ClCompile Include="..\Classes\GameManager.cpp">
      <Filter>source</Filter>
    </ClCompile>
    <ClCompile Include="..\Classes\Bunny.cpp">
      <Filter>source</Filter>
    </ClCompile>
  </ItemGroup>
</Project>